
Microsoft Visual Studio Solution File, Format Version 12.00
# Visual Studio Version 17
VisualStudioVersion = 17.7.34031.279
MinimumVisualStudioVersion = 10.0.40219.1
Project("{9A19103F-16F7-4668-BE54-9A1E7A4F7556}") = "DataTools", "DataTools\DataTools.csproj", "{E17EF52A-0185-41FE-A16D-C043CAEFAED8}"
EndProject
Project("{2150E333-8FDC-42A3-9474-1A3956D46DE8}") = "Samples", "Samples", "{2287A3D5-14DA-472A-AD3E-4905183A29F0}"
	ProjectSection(SolutionItems) = preProject
		Samples\DemoFile.txt = Samples\DemoFile.txt
		Samples\fakeData.csv = Samples\fakeData.csv
		Samples\General.csv = Samples\General.csv
		Samples\InventorySheet.csv = Samples\InventorySheet.csv
		Samples\LatitudeOrLongitude.csv = Samples\LatitudeOrLongitude.csv
		Samples\name.csv = Samples\name.csv
		Samples\phoneNumber.csv = Samples\phoneNumber.csv
	EndProjectSection
EndProject
Project("{9A19103F-16F7-4668-BE54-9A1E7A4F7556}") = "DataToolsTest", "DataToolsTest\DataToolsTest.csproj", "{AA19E4E1-E5AA-4842-89B4-9BE2ACFB2B74}"
EndProject
Project("{9A19103F-16F7-4668-BE54-9A1E7A4F7556}") = "RecognizerTools", "Recognizer\RecognizerTools.csproj", "{EF5A797A-1325-4729-A003-F0E5E5A6C2EF}"
EndProject
Project("{9A19103F-16F7-4668-BE54-9A1E7A4F7556}") = "WebAppMaterialize.Server", "WebAppMaterialize.Server\WebAppMaterialize.Server.csproj", "{23C83256-37A4-4FDA-85F1-CE0F1AD9AF19}"
EndProject
Project("{9A19103F-16F7-4668-BE54-9A1E7A4F7556}") = "WebAppMaterialize.App", "WebAppMaterialize.App\WebAppMaterialize.App.csproj", "{08F6A9A3-2BAA-4BA9-A355-506B4AA22723}"
EndProject
Project("{9A19103F-16F7-4668-BE54-9A1E7A4F7556}") = "DTHelperStd", "DTHelperStd\DTHelperStd.csproj", "{683BEF14-EED7-4D04-A162-4544616C9185}"
EndProject
Project("{2150E333-8FDC-42A3-9474-1A3956D46DE8}") = "Scripts", "Scripts", "{8EE32D4F-BEE4-4EA3-8BED-65FF139C8BD4}"
	ProjectSection(SolutionItems) = preProject
		BuildElectronPackage.ps1 = BuildElectronPackage.ps1
	EndProjectSection
EndProject
Project("{2150E333-8FDC-42A3-9474-1A3956D46DE8}") = "Solution Items", "Solution Items", "{95A4147A-D878-4A01-ACAA-C5CB9A35F97B}"
	ProjectSection(SolutionItems) = preProject
		BuildElectronPackage.ps1 = BuildElectronPackage.ps1
		LICENSE.txt = LICENSE.txt
	EndProjectSection
EndProject
Global
	GlobalSection(SolutionConfigurationPlatforms) = preSolution
		Debug|Any CPU = Debug|Any CPU
		Development|Any CPU = Development|Any CPU
		Electron|Any CPU = Electron|Any CPU
		Release|Any CPU = Release|Any CPU
	EndGlobalSection
	GlobalSection(ProjectConfigurationPlatforms) = postSolution
		{E17EF52A-0185-41FE-A16D-C043CAEFAED8}.Debug|Any CPU.ActiveCfg = Debug|Any CPU
		{E17EF52A-0185-41FE-A16D-C043CAEFAED8}.Debug|Any CPU.Build.0 = Debug|Any CPU
		{E17EF52A-0185-41FE-A16D-C043CAEFAED8}.Development|Any CPU.ActiveCfg = Debug|Any CPU
		{E17EF52A-0185-41FE-A16D-C043CAEFAED8}.Development|Any CPU.Build.0 = Debug|Any CPU
		{E17EF52A-0185-41FE-A16D-C043CAEFAED8}.Electron|Any CPU.ActiveCfg = Electron|Any CPU
		{E17EF52A-0185-41FE-A16D-C043CAEFAED8}.Electron|Any CPU.Build.0 = Electron|Any CPU
		{E17EF52A-0185-41FE-A16D-C043CAEFAED8}.Release|Any CPU.ActiveCfg = Release|Any CPU
		{E17EF52A-0185-41FE-A16D-C043CAEFAED8}.Release|Any CPU.Build.0 = Release|Any CPU
		{AA19E4E1-E5AA-4842-89B4-9BE2ACFB2B74}.Debug|Any CPU.ActiveCfg = Debug|Any CPU
		{AA19E4E1-E5AA-4842-89B4-9BE2ACFB2B74}.Debug|Any CPU.Build.0 = Debug|Any CPU
		{AA19E4E1-E5AA-4842-89B4-9BE2ACFB2B74}.Development|Any CPU.ActiveCfg = Debug|Any CPU
		{AA19E4E1-E5AA-4842-89B4-9BE2ACFB2B74}.Development|Any CPU.Build.0 = Debug|Any CPU
		{AA19E4E1-E5AA-4842-89B4-9BE2ACFB2B74}.Electron|Any CPU.ActiveCfg = Electron|Any CPU
		{AA19E4E1-E5AA-4842-89B4-9BE2ACFB2B74}.Electron|Any CPU.Build.0 = Electron|Any CPU
		{AA19E4E1-E5AA-4842-89B4-9BE2ACFB2B74}.Release|Any CPU.ActiveCfg = Release|Any CPU
		{AA19E4E1-E5AA-4842-89B4-9BE2ACFB2B74}.Release|Any CPU.Build.0 = Release|Any CPU
		{EF5A797A-1325-4729-A003-F0E5E5A6C2EF}.Debug|Any CPU.ActiveCfg = Debug|Any CPU
		{EF5A797A-1325-4729-A003-F0E5E5A6C2EF}.Debug|Any CPU.Build.0 = Debug|Any CPU
		{EF5A797A-1325-4729-A003-F0E5E5A6C2EF}.Development|Any CPU.ActiveCfg = Debug|Any CPU
		{EF5A797A-1325-4729-A003-F0E5E5A6C2EF}.Development|Any CPU.Build.0 = Debug|Any CPU
		{EF5A797A-1325-4729-A003-F0E5E5A6C2EF}.Electron|Any CPU.ActiveCfg = Electron|Any CPU
		{EF5A797A-1325-4729-A003-F0E5E5A6C2EF}.Electron|Any CPU.Build.0 = Electron|Any CPU
		{EF5A797A-1325-4729-A003-F0E5E5A6C2EF}.Release|Any CPU.ActiveCfg = Release|Any CPU
		{EF5A797A-1325-4729-A003-F0E5E5A6C2EF}.Release|Any CPU.Build.0 = Release|Any CPU
		{23C83256-37A4-4FDA-85F1-CE0F1AD9AF19}.Debug|Any CPU.ActiveCfg = Debug|Any CPU
		{23C83256-37A4-4FDA-85F1-CE0F1AD9AF19}.Debug|Any CPU.Build.0 = Debug|Any CPU
		{23C83256-37A4-4FDA-85F1-CE0F1AD9AF19}.Development|Any CPU.ActiveCfg = Debug|Any CPU
		{23C83256-37A4-4FDA-85F1-CE0F1AD9AF19}.Development|Any CPU.Build.0 = Debug|Any CPU
		{23C83256-37A4-4FDA-85F1-CE0F1AD9AF19}.Electron|Any CPU.ActiveCfg = Electron|Any CPU
		{23C83256-37A4-4FDA-85F1-CE0F1AD9AF19}.Electron|Any CPU.Build.0 = Electron|Any CPU
		{23C83256-37A4-4FDA-85F1-CE0F1AD9AF19}.Release|Any CPU.ActiveCfg = Release|Any CPU
		{23C83256-37A4-4FDA-85F1-CE0F1AD9AF19}.Release|Any CPU.Build.0 = Release|Any CPU
		{08F6A9A3-2BAA-4BA9-A355-506B4AA22723}.Debug|Any CPU.ActiveCfg = Debug|Any CPU
		{08F6A9A3-2BAA-4BA9-A355-506B4AA22723}.Debug|Any CPU.Build.0 = Debug|Any CPU
		{08F6A9A3-2BAA-4BA9-A355-506B4AA22723}.Development|Any CPU.ActiveCfg = Debug|Any CPU
		{08F6A9A3-2BAA-4BA9-A355-506B4AA22723}.Development|Any CPU.Build.0 = Debug|Any CPU
		{08F6A9A3-2BAA-4BA9-A355-506B4AA22723}.Electron|Any CPU.ActiveCfg = Electron|Any CPU
		{08F6A9A3-2BAA-4BA9-A355-506B4AA22723}.Electron|Any CPU.Build.0 = Electron|Any CPU
		{08F6A9A3-2BAA-4BA9-A355-506B4AA22723}.Release|Any CPU.ActiveCfg = Release|Any CPU
		{08F6A9A3-2BAA-4BA9-A355-506B4AA22723}.Release|Any CPU.Build.0 = Release|Any CPU
		{683BEF14-EED7-4D04-A162-4544616C9185}.Debug|Any CPU.ActiveCfg = Debug|Any CPU
		{683BEF14-EED7-4D04-A162-4544616C9185}.Debug|Any CPU.Build.0 = Debug|Any CPU
		{683BEF14-EED7-4D04-A162-4544616C9185}.Development|Any CPU.ActiveCfg = Debug|Any CPU
		{683BEF14-EED7-4D04-A162-4544616C9185}.Development|Any CPU.Build.0 = Debug|Any CPU
		{683BEF14-EED7-4D04-A162-4544616C9185}.Electron|Any CPU.ActiveCfg = Electron|Any CPU
		{683BEF14-EED7-4D04-A162-4544616C9185}.Electron|Any CPU.Build.0 = Electron|Any CPU
		{683BEF14-EED7-4D04-A162-4544616C9185}.Release|Any CPU.ActiveCfg = Release|Any CPU
		{683BEF14-EED7-4D04-A162-4544616C9185}.Release|Any CPU.Build.0 = Release|Any CPU
	EndGlobalSection
	GlobalSection(SolutionProperties) = preSolution
		HideSolutionNode = FALSE
	EndGlobalSection
	GlobalSection(ExtensibilityGlobals) = postSolution
		SolutionGuid = {C980A258-998C-4083-AF1D-CA287DD6FC92}
	EndGlobalSection
	GlobalSection(Performance) = preSolution
		HasPerformanceSessions = true
	EndGlobalSection
	GlobalSection(Performance) = preSolution
		HasPerformanceSessions = true
	EndGlobalSection
	GlobalSection(Performance) = preSolution
		HasPerformanceSessions = true
	EndGlobalSection
	GlobalSection(Performance) = preSolution
		HasPerformanceSessions = true
	EndGlobalSection
	GlobalSection(Performance) = preSolution
		HasPerformanceSessions = true
	EndGlobalSection
	GlobalSection(Performance) = preSolution
		HasPerformanceSessions = true
	EndGlobalSection
	GlobalSection(Performance) = preSolution
		HasPerformanceSessions = true
	EndGlobalSection
	GlobalSection(Performance) = preSolution
		HasPerformanceSessions = true
	EndGlobalSection
EndGlobal
